
Microsoft Visual Studio Solution File, Format Version 12.00
# Visual Studio 15
VisualStudioVersion = 15.0.28307.168
MinimumVisualStudioVersion = 10.0.40219.1
Project("{FAE04EC0-301F-11D3-BF4B-00C04F79EFBC}") = "VW_Proj_4.5", "VW_Proj_4.5.csproj", "{593592AB-795D-4C79-8031-B42BC52E5610}"
EndProject
Global
	GlobalSection(SolutionConfigurationPlatforms) = preSolution
		Debug|Any CPU = Debug|Any CPU
		Release|Any CPU = Release|Any CPU
	EndGlobalSection
	GlobalSection(ProjectConfigurationPlatforms) = postSolution
		{593592AB-795D-4C79-8031-B42BC52E5610}.Debug|Any CPU.ActiveCfg = Debug|Any CPU
		{593592AB-795D-4C79-8031-B42BC52E5610}.Debug|Any CPU.Build.0 = Debug|Any CPU
		{593592AB-795D-4C79-8031-B42BC52E5610}.Release|Any CPU.ActiveCfg = Release|Any CPU
		{593592AB-795D-4C79-8031-B42BC52E5610}.Release|Any CPU.Build.0 = Release|Any CPU
	EndGlobalSection
	GlobalSection(SolutionProperties) = preSolution
		HideSolutionNode = FALSE
	EndGlobalSection
	GlobalSection(ExtensibilityGlobals) = postSolution
		SolutionGuid = {F2CFB34B-788D-47DE-9DCE-A42F9387FDF2}
	EndGlobalSection
EndGlobal
